
Microsoft Visual Studio Solution File, Format Version 12.00
# Visual Studio 14
VisualStudioVersion = 14.0.25420.1
MinimumVisualStudioVersion = 10.0.40219.1
Project("{8BC9CEB8-8B4A-11D0-8D11-00A0C91BC942}") = "图", "图\图.vcxproj", "{67BA5C61-51A9-477C-BEE6-D54ACC5D5511}"
EndProject
Global
	GlobalSection(SolutionConfigurationPlatforms) = preSolution
		Debug|x64 = Debug|x64
		Debug|x86 = Debug|x86
		Release|x64 = Release|x64
		Release|x86 = Release|x86
	EndGlobalSection
	GlobalSection(ProjectConfigurationPlatforms) = postSolution
		{67BA5C61-51A9-477C-BEE6-D54ACC5D5511}.Debug|x64.ActiveCfg = Debug|x64
		{67BA5C61-51A9-477C-BEE6-D54ACC5D5511}.Debug|x64.Build.0 = Debug|x64
		{67BA5C61-51A9-477C-BEE6-D54ACC5D5511}.Debug|x86.ActiveCfg = Debug|Win32
		{67BA5C61-51A9-477C-BEE6-D54ACC5D5511}.Debug|x86.Build.0 = Debug|Win32
		{67BA5C61-51A9-477C-BEE6-D54ACC5D5511}.Release|x64.ActiveCfg = Release|x64
		{67BA5C61-51A9-477C-BEE6-D54ACC5D5511}.Release|x64.Build.0 = Release|x64
		{67BA5C61-51A9-477C-BEE6-D54ACC5D5511}.Release|x86.ActiveCfg = Release|Win32
		{67BA5C61-51A9-477C-BEE6-D54ACC5D5511}.Release|x86.Build.0 = Release|Win32
	EndGlobalSection
	GlobalSection(SolutionProperties) = preSolution
		HideSolutionNode = FALSE
	EndGlobalSection
EndGlobal
